
Microsoft Visual Studio Solution File, Format Version 12.00
# Visual Studio Version 16
VisualStudioVersion = 16.0.29326.143
MinimumVisualStudioVersion = 10.0.40219.1
Project("{FAE04EC0-301F-11D3-BF4B-00C04F79EFBC}") = "WebApplication28", "WebApplication28\WebApplication28.csproj", "{9FE01731-7666-45AD-A941-099A6A53F044}"
EndProject
Global
	GlobalSection(SolutionConfigurationPlatforms) = preSolution
		Debug|Any CPU = Debug|Any CPU
		Release|Any CPU = Release|Any CPU
	EndGlobalSection
	GlobalSection(ProjectConfigurationPlatforms) = postSolution
		{9FE01731-7666-45AD-A941-099A6A53F044}.Debug|Any CPU.ActiveCfg = Debug|Any CPU
		{9FE01731-7666-45AD-A941-099A6A53F044}.Debug|Any CPU.Build.0 = Debug|Any CPU
		{9FE01731-7666-45AD-A941-099A6A53F044}.Release|Any CPU.ActiveCfg = Release|Any CPU
		{9FE01731-7666-45AD-A941-099A6A53F044}.Release|Any CPU.Build.0 = Release|Any CPU
	EndGlobalSection
	GlobalSection(SolutionProperties) = preSolution
		HideSolutionNode = FALSE
	EndGlobalSection
	GlobalSection(ExtensibilityGlobals) = postSolution
		SolutionGuid = {7EF579B8-B86F-40AD-A071-D0EFC6C42EC4}
	EndGlobalSection
EndGlobal
